PODS:
  - GithubSelector (0.0.4):
    - NBNRequestKit (~> 2.0.2)
    - Presentables (~> 0.4.0)
    - SnapKit (~> 4.0.0)
  - KeychainSwift (9.0.2)
  - NBNRequestKit (2.0.2)
  - Presentables (0.4.0)
  - SnapKit (4.0.0)

DEPENDENCIES:
  - GithubSelector (from `../`)
  - KeychainSwift
  - SnapKit (~> 4.0.0)

EXTERNAL SOURCES:
  GithubSelector:
    :path: ../

SPEC CHECKSUMS:
  GithubSelector: 1cdf73b85d8d030833f0f74a0c2e6283c125ab49
  KeychainSwift: 3ab1d428d0dbff59cd056f1d0bfc640b36c2b081
  NBNRequestKit: 70d514748747aca66e2e2ed17340f91d5ed6d1d4
  Presentables: 688de0b3302a42ca9d845a4d4e4deffc5ee44ebd
  SnapKit: a42d492c16e80209130a3379f73596c3454b7694

PODFILE CHECKSUM: 1ee05c052af0e8e19bd97f44cbdb5c4e279f8d6b

COCOAPODS: 1.3.1
